
Microsoft Visual Studio Solution File, Format Version 12.00
# Visual Studio Version 16
VisualStudioVersion = 16.0.30011.22
MinimumVisualStudioVersion = 10.0.40219.1
Project("{FAE04EC0-301F-11D3-BF4B-00C04F79EFBC}") = "KPU_Service_1", "KPU_Service_1\KPU_Service_1.csproj", "{C1D5F989-2DDD-4A3A-ABE1-95F8473DC11B}"
EndProject
Project("{FAE04EC0-301F-11D3-BF4B-00C04F79EFBC}") = "ConsoleApp_test_service_logic", "ConsoleApp_test_service_logic\ConsoleApp_test_service_logic.csproj", "{B66C48A8-221D-47E6-A916-20E3F7892E90}"
EndProject
Global
	GlobalSection(SolutionConfigurationPlatforms) = preSolution
		Debug|Any CPU = Debug|Any CPU
		Release|Any CPU = Release|Any CPU
	EndGlobalSection
	GlobalSection(ProjectConfigurationPlatforms) = postSolution
		{C1D5F989-2DDD-4A3A-ABE1-95F8473DC11B}.Debug|Any CPU.ActiveCfg = Debug|Any CPU
		{C1D5F989-2DDD-4A3A-ABE1-95F8473DC11B}.Debug|Any CPU.Build.0 = Debug|Any CPU
		{C1D5F989-2DDD-4A3A-ABE1-95F8473DC11B}.Release|Any CPU.ActiveCfg = Release|Any CPU
		{C1D5F989-2DDD-4A3A-ABE1-95F8473DC11B}.Release|Any CPU.Build.0 = Release|Any CPU
		{B66C48A8-221D-47E6-A916-20E3F7892E90}.Debug|Any CPU.ActiveCfg = Debug|Any CPU
		{B66C48A8-221D-47E6-A916-20E3F7892E90}.Debug|Any CPU.Build.0 = Debug|Any CPU
		{B66C48A8-221D-47E6-A916-20E3F7892E90}.Release|Any CPU.ActiveCfg = Release|Any CPU
		{B66C48A8-221D-47E6-A916-20E3F7892E90}.Release|Any CPU.Build.0 = Release|Any CPU
	EndGlobalSection
	GlobalSection(SolutionProperties) = preSolution
		HideSolutionNode = FALSE
	EndGlobalSection
	GlobalSection(ExtensibilityGlobals) = postSolution
		SolutionGuid = {B1A37AE3-3BBF-4914-8502-EFBE8D46B5F1}
	EndGlobalSection
EndGlobal
